
Microsoft Visual Studio Solution File, Format Version 12.00
Project("{FAE04EC0-301F-11D3-BF4B-00C04F79EFBC}") = "Module3HW5", "Module3HW5\Module3HW5.csproj", "{CB9C80CF-26B2-482A-BBF4-070759E9F054}"
EndProject
Global
	GlobalSection(SolutionConfigurationPlatforms) = preSolution
		Debug|Any CPU = Debug|Any CPU
		Release|Any CPU = Release|Any CPU
	EndGlobalSection
	GlobalSection(ProjectConfigurationPlatforms) = postSolution
		{CB9C80CF-26B2-482A-BBF4-070759E9F054}.Debug|Any CPU.ActiveCfg = Debug|Any CPU
		{CB9C80CF-26B2-482A-BBF4-070759E9F054}.Debug|Any CPU.Build.0 = Debug|Any CPU
		{CB9C80CF-26B2-482A-BBF4-070759E9F054}.Release|Any CPU.ActiveCfg = Release|Any CPU
		{CB9C80CF-26B2-482A-BBF4-070759E9F054}.Release|Any CPU.Build.0 = Release|Any CPU
	EndGlobalSection
EndGlobal
